// !$*UTF8*$!
{
	archiveVersion = 1;
	classes = {
	};
	objectVersion = 50;
	objects = {

/* Begin PBXBuildFile section */
		DD56BDF4243377D5001FA46C /* AppDelegate.swift in Sources */ = {isa = PBXBuildFile; fileRef = DD56BDF3243377D5001FA46C /* AppDelegate.swift */; };
		DD56BDF6243377D5001FA46C /* SceneDelegate.swift in Sources */ = {isa = PBXBuildFile; fileRef = DD56BDF5243377D5001FA46C /* SceneDelegate.swift */; };
		DD56BDF8243377D5001FA46C /* ViewController.swift in Sources */ = {isa = PBXBuildFile; fileRef = DD56BDF7243377D5001FA46C /* ViewController.swift */; };
		DD56BDFB243377D5001FA46C /* Main.storyboard in Resources */ = {isa = PBXBuildFile; fileRef = DD56BDF9243377D5001FA46C /* Main.storyboard */; };
		DD56BDFD243377D7001FA46C /* Assets.xcassets in Resources */ = {isa = PBXBuildFile; fileRef = DD56BDFC243377D7001FA46C /* Assets.xcassets */; };
		DD56BE00243377D7001FA46C /* LaunchScreen.storyboard in Resources */ = {isa = PBXBuildFile; fileRef = DD56BDFE243377D7001FA46C /* LaunchScreen.storyboard */; };
		DD56BE0B243377D7001FA46C /* NetworkingDemoTests.swift in Sources */ = {isa = PBXBuildFile; fileRef = DD56BE0A243377D7001FA46C /* NetworkingDemoTests.swift */; };
		DD56BE1B243378A1001FA46C /* Constants.swift in Sources */ = {isa = PBXBuildFile; fileRef = DD56BE1A243378A1001FA46C /* Constants.swift */; };
		DD56BE1D243379C3001FA46C /* NetworkEndPoint.swift in Sources */ = {isa = PBXBuildFile; fileRef = DD56BE1C243379C3001FA46C /* NetworkEndPoint.swift */; };
		DD56BE1F24338B21001FA46C /* NetworkError.swift in Sources */ = {isa = PBXBuildFile; fileRef = DD56BE1E24338B21001FA46C /* NetworkError.swift */; };
		DD56BE212433A10C001FA46C /* MoviePage.swift in Sources */ = {isa = PBXBuildFile; fileRef = DD56BE202433A10C001FA46C /* MoviePage.swift */; };
		DD56BE232433ADC9001FA46C /* MovieList.swift in Sources */ = {isa = PBXBuildFile; fileRef = DD56BE222433ADC9001FA46C /* MovieList.swift */; };
		DD8D4A8924346B3200726D90 /* MovieNetworkEndPoint.swift in Sources */ = {isa = PBXBuildFile; fileRef = DD8D4A8824346B3200726D90 /* MovieNetworkEndPoint.swift */; };
		DD8D4A8D2435303C00726D90 /* Reachability.swift in Sources */ = {isa = PBXBuildFile; fileRef = DD8D4A8C2435303C00726D90 /* Reachability.swift */; };
		DD8D4A902436751000726D90 /* NetworkController.swift in Sources */ = {isa = PBXBuildFile; fileRef = DD8D4A8F2436751000726D90 /* NetworkController.swift */; };
		DD8D4A92243676B100726D90 /* ManagerProvider.swift in Sources */ = {isa = PBXBuildFile; fileRef = DD8D4A91243676B100726D90 /* ManagerProvider.swift */; };
		DD8D4A94243676FB00726D90 /* MovieManager.swift in Sources */ = {isa = PBXBuildFile; fileRef = DD8D4A93243676FB00726D90 /* MovieManager.swift */; };
		DD8D4A962438929100726D90 /* TVShowNetworkEndPoint.swift in Sources */ = {isa = PBXBuildFile; fileRef = DD8D4A952438929000726D90 /* TVShowNetworkEndPoint.swift */; };
		DD8D4A982438C6D500726D90 /* StringExtension.swift in Sources */ = {isa = PBXBuildFile; fileRef = DD8D4A972438C6D500726D90 /* StringExtension.swift */; };
		DD8D4A9E2438D5B800726D90 /* TVShowManager.swift in Sources */ = {isa = PBXBuildFile; fileRef = DD8D4A9D2438D5B800726D90 /* TVShowManager.swift */; };
		DD8D4AA02438D73D00726D90 /* CastList.swift in Sources */ = {isa = PBXBuildFile; fileRef = DD8D4A9F2438D73D00726D90 /* CastList.swift */; };
		DD8D4AA22438E5C200726D90 /* TVShow.swift in Sources */ = {isa = PBXBuildFile; fileRef = DD8D4AA12438E5C200726D90 /* TVShow.swift */; };
		DD8D4AA4243DE58600726D90 /* Download.swift in Sources */ = {isa = PBXBuildFile; fileRef = DD8D4AA3243DE58600726D90 /* Download.swift */; };
		DD8D4AA6243F11F000726D90 /* DownloadManager.swift in Sources */ = {isa = PBXBuildFile; fileRef = DD8D4AA5243F11F000726D90 /* DownloadManager.swift */; };
		DD8D4AA8243F915900726D90 /* DownloadNetworkEndPoint.swift in Sources */ = {isa = PBXBuildFile; fileRef = DD8D4AA7243F915900726D90 /* DownloadNetworkEndPoint.swift */; };
/* End PBXBuildFile section */

/* Begin PBXContainerItemProxy section */
		DD56BE07243377D7001FA46C /* PBXContainerItemProxy */ = {
			isa = PBXContainerItemProxy;
			containerPortal = DD56BDE8243377D5001FA46C /* Project object */;
			proxyType = 1;
			remoteGlobalIDString = DD56BDEF243377D5001FA46C;
			remoteInfo = NetworkingDemo;
		};
/* End PBXContainerItemProxy section */

/* Begin PBXFileReference section */
		DD56BDF0243377D5001FA46C /* NetworkingDemo.app */ = {isa = PBXFileReference; explicitFileType = wrapper.application; includeInIndex = 0; path = NetworkingDemo.app; sourceTree = BUILT_PRODUCTS_DIR; };
		DD56BDF3243377D5001FA46C /* AppDelegate.swift */ = {isa = PBXFileReference; lastKnownFileType = sourcecode.swift; path = AppDelegate.swift; sourceTree = "<group>"; };
		DD56BDF5243377D5001FA46C /* SceneDelegate.swift */ = {isa = PBXFileReference; lastKnownFileType = sourcecode.swift; path = SceneDelegate.swift; sourceTree = "<group>"; };
		DD56BDF7243377D5001FA46C /* ViewController.swift */ = {isa = PBXFileReference; lastKnownFileType = sourcecode.swift; path = ViewController.swift; sourceTree = "<group>"; };
		DD56BDFA243377D5001FA46C /* Base */ = {isa = PBXFileReference; lastKnownFileType = file.storyboard; name = Base; path = Base.lproj/Main.storyboard; sourceTree = "<group>"; };
		DD56BDFC243377D7001FA46C /* Assets.xcassets */ = {isa = PBXFileReference; lastKnownFileType = folder.assetcatalog; path = Assets.xcassets; sourceTree = "<group>"; };
		DD56BDFF243377D7001FA46C /* Base */ = {isa = PBXFileReference; lastKnownFileType = file.storyboard; name = Base; path = Base.lproj/LaunchScreen.storyboard; sourceTree = "<group>"; };
		DD56BE01243377D7001FA46C /* Info.plist */ = {isa = PBXFileReference; lastKnownFileType = text.plist.xml; path = Info.plist; sourceTree = "<group>"; };
		DD56BE06243377D7001FA46C /* NetworkingDemoTests.xctest */ = {isa = PBXFileReference; explicitFileType = wrapper.cfbundle; includeInIndex = 0; path = NetworkingDemoTests.xctest; sourceTree = BUILT_PRODUCTS_DIR; };
		DD56BE0A243377D7001FA46C /* NetworkingDemoTests.swift */ = {isa = PBXFileReference; lastKnownFileType = sourcecode.swift; path = NetworkingDemoTests.swift; sourceTree = "<group>"; };
		DD56BE0C243377D7001FA46C /* Info.plist */ = {isa = PBXFileReference; lastKnownFileType = text.plist.xml; path = Info.plist; sourceTree = "<group>"; };
		DD56BE1A243378A1001FA46C /* Constants.swift */ = {isa = PBXFileReference; lastKnownFileType = sourcecode.swift; path = Constants.swift; sourceTree = "<group>"; };
		DD56BE1C243379C3001FA46C /* NetworkEndPoint.swift */ = {isa = PBXFileReference; lastKnownFileType = sourcecode.swift; path = NetworkEndPoint.swift; sourceTree = "<group>"; };
		DD56BE1E24338B21001FA46C /* NetworkError.swift */ = {isa = PBXFileReference; lastKnownFileType = sourcecode.swift; path = NetworkError.swift; sourceTree = "<group>"; };
		DD56BE202433A10C001FA46C /* MoviePage.swift */ = {isa = PBXFileReference; lastKnownFileType = sourcecode.swift; path = MoviePage.swift; sourceTree = "<group>"; };
		DD56BE222433ADC9001FA46C /* MovieList.swift */ = {isa = PBXFileReference; lastKnownFileType = sourcecode.swift; path = MovieList.swift; sourceTree = "<group>"; };
		DD8D4A8824346B3200726D90 /* MovieNetworkEndPoint.swift */ = {isa = PBXFileReference; lastKnownFileType = sourcecode.swift; path = MovieNetworkEndPoint.swift; sourceTree = "<group>"; };
		DD8D4A8C2435303C00726D90 /* Reachability.swift */ = {isa = PBXFileReference; lastKnownFileType = sourcecode.swift; path = Reachability.swift; sourceTree = "<group>"; };
		DD8D4A8F2436751000726D90 /* NetworkController.swift */ = {isa = PBXFileReference; lastKnownFileType = sourcecode.swift; path = NetworkController.swift; sourceTree = "<group>"; };
		DD8D4A91243676B100726D90 /* ManagerProvider.swift */ = {isa = PBXFileReference; lastKnownFileType = sourcecode.swift; path = ManagerProvider.swift; sourceTree = "<group>"; };
		DD8D4A93243676FB00726D90 /* MovieManager.swift */ = {isa = PBXFileReference; lastKnownFileType = sourcecode.swift; path = MovieManager.swift; sourceTree = "<group>"; };
		DD8D4A952438929000726D90 /* TVShowNetworkEndPoint.swift */ = {isa = PBXFileReference; lastKnownFileType = sourcecode.swift; path = TVShowNetworkEndPoint.swift; sourceTree = "<group>"; };
		DD8D4A972438C6D500726D90 /* StringExtension.swift */ = {isa = PBXFileReference; lastKnownFileType = sourcecode.swift; path = StringExtension.swift; sourceTree = "<group>"; };
		DD8D4A9D2438D5B800726D90 /* TVShowManager.swift */ = {isa = PBXFileReference; lastKnownFileType = sourcecode.swift; path = TVShowManager.swift; sourceTree = "<group>"; };
		DD8D4A9F2438D73D00726D90 /* CastList.swift */ = {isa = PBXFileReference; lastKnownFileType = sourcecode.swift; path = CastList.swift; sourceTree = "<group>"; };
		DD8D4AA12438E5C200726D90 /* TVShow.swift */ = {isa = PBXFileReference; lastKnownFileType = sourcecode.swift; path = TVShow.swift; sourceTree = "<group>"; };
		DD8D4AA3243DE58600726D90 /* Download.swift */ = {isa = PBXFileReference; lastKnownFileType = sourcecode.swift; path = Download.swift; sourceTree = "<group>"; };
		DD8D4AA5243F11F000726D90 /* DownloadManager.swift */ = {isa = PBXFileReference; lastKnownFileType = sourcecode.swift; path = DownloadManager.swift; sourceTree = "<group>"; };
		DD8D4AA7243F915900726D90 /* DownloadNetworkEndPoint.swift */ = {isa = PBXFileReference; lastKnownFileType = sourcecode.swift; path = DownloadNetworkEndPoint.swift; sourceTree = "<group>"; };
/* End PBXFileReference section */

/* Begin PBXFrameworksBuildPhase section */
		DD56BDED243377D5001FA46C /* Frameworks */ = {
			isa = PBXFrameworksBuildPhase;
			buildActionMask = 2147483647;
			files = (
			);
			runOnlyForDeploymentPostprocessing = 0;
		};
		DD56BE03243377D7001FA46C /* Frameworks */ = {
			isa = PBXFrameworksBuildPhase;
			buildActionMask = 2147483647;
			files = (
			);
			runOnlyForDeploymentPostprocessing = 0;
		};
/* End PBXFrameworksBuildPhase section */

/* Begin PBXGroup section */
		DD56BDE7243377D5001FA46C = {
			isa = PBXGroup;
			children = (
				DD56BDF2243377D5001FA46C /* NetworkingDemo */,
				DD56BE09243377D7001FA46C /* NetworkingDemoTests */,
				DD56BDF1243377D5001FA46C /* Products */,
			);
			sourceTree = "<group>";
		};
		DD56BDF1243377D5001FA46C /* Products */ = {
			isa = PBXGroup;
			children = (
				DD56BDF0243377D5001FA46C /* NetworkingDemo.app */,
				DD56BE06243377D7001FA46C /* NetworkingDemoTests.xctest */,
			);
			name = Products;
			sourceTree = "<group>";
		};
		DD56BDF2243377D5001FA46C /* NetworkingDemo */ = {
			isa = PBXGroup;
			children = (
				DD8D4A8E24363C3500726D90 /* Utilities */,
				DD8D4A8724346B0700726D90 /* NetworkEndPoint */,
				DD56BE1824337869001FA46C /* Managers */,
				DD56BE1724337862001FA46C /* Models */,
				DD56BE162433783B001FA46C /* ViewController */,
				DD56BE152433782D001FA46C /* App */,
				DD56BDF9243377D5001FA46C /* Main.storyboard */,
				DD56BDFC243377D7001FA46C /* Assets.xcassets */,
				DD56BE01243377D7001FA46C /* Info.plist */,
			);
			path = NetworkingDemo;
			sourceTree = "<group>";
		};
		DD56BE09243377D7001FA46C /* NetworkingDemoTests */ = {
			isa = PBXGroup;
			children = (
				DD56BE0A243377D7001FA46C /* NetworkingDemoTests.swift */,
				DD56BE0C243377D7001FA46C /* Info.plist */,
			);
			path = NetworkingDemoTests;
			sourceTree = "<group>";
		};
		DD56BE152433782D001FA46C /* App */ = {
			isa = PBXGroup;
			children = (
				DD56BDFE243377D7001FA46C /* LaunchScreen.storyboard */,
				DD56BDF5243377D5001FA46C /* SceneDelegate.swift */,
				DD56BDF3243377D5001FA46C /* AppDelegate.swift */,
			);
			path = App;
			sourceTree = "<group>";
		};
		DD56BE162433783B001FA46C /* ViewController */ = {
			isa = PBXGroup;
			children = (
				DD56BDF7243377D5001FA46C /* ViewController.swift */,
			);
			path = ViewController;
			sourceTree = "<group>";
		};
		DD56BE1724337862001FA46C /* Models */ = {
			isa = PBXGroup;
			children = (
				DD56BE1E24338B21001FA46C /* NetworkError.swift */,
				DD56BE202433A10C001FA46C /* MoviePage.swift */,
				DD56BE222433ADC9001FA46C /* MovieList.swift */,
				DD8D4A9F2438D73D00726D90 /* CastList.swift */,
				DD8D4AA12438E5C200726D90 /* TVShow.swift */,
			);
			path = Models;
			sourceTree = "<group>";
		};
		DD56BE1824337869001FA46C /* Managers */ = {
			isa = PBXGroup;
			children = (
				DD8D4A8F2436751000726D90 /* NetworkController.swift */,
				DD8D4A91243676B100726D90 /* ManagerProvider.swift */,
				DD8D4A93243676FB00726D90 /* MovieManager.swift */,
				DD8D4A9D2438D5B800726D90 /* TVShowManager.swift */,
				DD8D4AA5243F11F000726D90 /* DownloadManager.swift */,
			);
			path = Managers;
			sourceTree = "<group>";
		};
		DD8D4A8724346B0700726D90 /* NetworkEndPoint */ = {
			isa = PBXGroup;
			children = (
				DD56BE1C243379C3001FA46C /* NetworkEndPoint.swift */,
				DD8D4A8824346B3200726D90 /* MovieNetworkEndPoint.swift */,
				DD8D4A952438929000726D90 /* TVShowNetworkEndPoint.swift */,
				DD8D4AA7243F915900726D90 /* DownloadNetworkEndPoint.swift */,
			);
			path = NetworkEndPoint;
			sourceTree = "<group>";
		};
		DD8D4A8E24363C3500726D90 /* Utilities */ = {
			isa = PBXGroup;
			children = (
				DD56BE1A243378A1001FA46C /* Constants.swift */,
				DD8D4A8C2435303C00726D90 /* Reachability.swift */,
				DD8D4A972438C6D500726D90 /* StringExtension.swift */,
				DD8D4AA3243DE58600726D90 /* Download.swift */,
			);
			path = Utilities;
			sourceTree = "<group>";
		};
/* End PBXGroup section */

/* Begin PBXNativeTarget section */
		DD56BDEF243377D5001FA46C /* NetworkingDemo */ = {
			isa = PBXNativeTarget;
			buildConfigurationList = DD56BE0F243377D7001FA46C /* Build configuration list for PBXNativeTarget "NetworkingDemo" */;
			buildPhases = (
				DD56BDEC243377D5001FA46C /* Sources */,
				DD56BDED243377D5001FA46C /* Frameworks */,
				DD56BDEE243377D5001FA46C /* Resources */,
			);
			buildRules = (
			);
			dependencies = (
			);
			name = NetworkingDemo;
			productName = NetworkingDemo;
			productReference = DD56BDF0243377D5001FA46C /* NetworkingDemo.app */;
			productType = "com.apple.product-type.application";
		};
		DD56BE05243377D7001FA46C /* NetworkingDemoTests */ = {
			isa = PBXNativeTarget;
			buildConfigurationList = DD56BE12243377D7001FA46C /* Build configuration list for PBXNativeTarget "NetworkingDemoTests" */;
			buildPhases = (
				DD56BE02243377D7001FA46C /* Sources */,
				DD56BE03243377D7001FA46C /* Frameworks */,
				DD56BE04243377D7001FA46C /* Resources */,
			);
			buildRules = (
			);
			dependencies = (
				DD56BE08243377D7001FA46C /* PBXTargetDependency */,
			);
			name = NetworkingDemoTests;
			productName = NetworkingDemoTests;
			productReference = DD56BE06243377D7001FA46C /* NetworkingDemoTests.xctest */;
			productType = "com.apple.product-type.bundle.unit-test";
		};
/* End PBXNativeTarget section */

/* Begin PBXProject section */
		DD56BDE8243377D5001FA46C /* Project object */ = {
			isa = PBXProject;
			attributes = {
				LastSwiftUpdateCheck = 1140;
				LastUpgradeCheck = 1140;
				ORGANIZATIONNAME = "Ishtiak Ahmed";
				TargetAttributes = {
					DD56BDEF243377D5001FA46C = {
						CreatedOnToolsVersion = 11.4;
					};
					DD56BE05243377D7001FA46C = {
						CreatedOnToolsVersion = 11.4;
						TestTargetID = DD56BDEF243377D5001FA46C;
					};
				};
			};
			buildConfigurationList = DD56BDEB243377D5001FA46C /* Build configuration list for PBXProject "NetworkingDemo" */;
			compatibilityVersion = "Xcode 9.3";
			developmentRegion = en;
			hasScannedForEncodings = 0;
			knownRegions = (
				en,
				Base,
			);
			mainGroup = DD56BDE7243377D5001FA46C;
			productRefGroup = DD56BDF1243377D5001FA46C /* Products */;
			projectDirPath = "";
			projectRoot = "";
			targets = (
				DD56BDEF243377D5001FA46C /* NetworkingDemo */,
				DD56BE05243377D7001FA46C /* NetworkingDemoTests */,
			);
		};
/* End PBXProject section */

/* Begin PBXResourcesBuildPhase section */
		DD56BDEE243377D5001FA46C /* Resources */ = {
			isa = PBXResourcesBuildPhase;
			buildActionMask = 2147483647;
			files = (
				DD56BE00243377D7001FA46C /* LaunchScreen.storyboard in Resources */,
				DD56BDFD243377D7001FA46C /* Assets.xcassets in Resources */,
				DD56BDFB243377D5001FA46C /* Main.storyboard in Resources */,
			);
			runOnlyForDeploymentPostprocessing = 0;
		};
		DD56BE04243377D7001FA46C /* Resources */ = {
			isa = PBXResourcesBuildPhase;
			buildActionMask = 2147483647;
			files = (
			);
			runOnlyForDeploymentPostprocessing = 0;
		};
/* End PBXResourcesBuildPhase section */

/* Begin PBXSourcesBuildPhase section */
		DD56BDEC243377D5001FA46C /* Sources */ = {
			isa = PBXSourcesBuildPhase;
			buildActionMask = 2147483647;
			files = (
				DD8D4AA8243F915900726D90 /* DownloadNetworkEndPoint.swift in Sources */,
				DD8D4A8924346B3200726D90 /* MovieNetworkEndPoint.swift in Sources */,
				DD8D4A94243676FB00726D90 /* MovieManager.swift in Sources */,
				DD8D4A982438C6D500726D90 /* StringExtension.swift in Sources */,
				DD56BDF8243377D5001FA46C /* ViewController.swift in Sources */,
				DD8D4A9E2438D5B800726D90 /* TVShowManager.swift in Sources */,
				DD56BDF4243377D5001FA46C /* AppDelegate.swift in Sources */,
				DD56BDF6243377D5001FA46C /* SceneDelegate.swift in Sources */,
				DD56BE1D243379C3001FA46C /* NetworkEndPoint.swift in Sources */,
				DD8D4AA22438E5C200726D90 /* TVShow.swift in Sources */,
				DD8D4AA02438D73D00726D90 /* CastList.swift in Sources */,
				DD56BE1B243378A1001FA46C /* Constants.swift in Sources */,
				DD8D4AA6243F11F000726D90 /* DownloadManager.swift in Sources */,
				DD56BE212433A10C001FA46C /* MoviePage.swift in Sources */,
				DD8D4AA4243DE58600726D90 /* Download.swift in Sources */,
				DD8D4A92243676B100726D90 /* ManagerProvider.swift in Sources */,
				DD8D4A902436751000726D90 /* NetworkController.swift in Sources */,
				DD8D4A962438929100726D90 /* TVShowNetworkEndPoint.swift in Sources */,
				DD56BE232433ADC9001FA46C /* MovieList.swift in Sources */,
				DD56BE1F24338B21001FA46C /* NetworkError.swift in Sources */,
				DD8D4A8D2435303C00726D90 /* Reachability.swift in Sources */,
			);
			runOnlyForDeploymentPostprocessing = 0;
		};
		DD56BE02243377D7001FA46C /* Sources */ = {
			isa = PBXSourcesBuildPhase;
			buildActionMask = 2147483647;
			files = (
				DD56BE0B243377D7001FA46C /* NetworkingDemoTests.swift in Sources */,
			);
			runOnlyForDeploymentPostprocessing = 0;
		};
/* End PBXSourcesBuildPhase section */

/* Begin PBXTargetDependency section */
		DD56BE08243377D7001FA46C /* PBXTargetDependency */ = {
			isa = PBXTargetDependency;
			target = DD56BDEF243377D5001FA46C /* NetworkingDemo */;
			targetProxy = DD56BE07243377D7001FA46C /* PBXContainerItemProxy */;
		};
/* End PBXTargetDependency section */

/* Begin PBXVariantGroup section */
		DD56BDF9243377D5001FA46C /* Main.storyboard */ = {
			isa = PBXVariantGroup;
			children = (
				DD56BDFA243377D5001FA46C /* Base */,
			);
			name = Main.storyboard;
			sourceTree = "<group>";
		};
		DD56BDFE243377D7001FA46C /* LaunchScreen.storyboard */ = {
			isa = PBXVariantGroup;
			children = (
				DD56BDFF243377D7001FA46C /* Base */,
			);
			name = LaunchScreen.storyboard;
			sourceTree = "<group>";
		};
/* End PBXVariantGroup section */

/* Begin XCBuildConfiguration section */
		DD56BE0D243377D7001FA46C /* Debug */ = {
			isa = XCBuildConfiguration;
			buildSettings = {
				ALWAYS_SEARCH_USER_PATHS = NO;
				CLANG_ANALYZER_NONNULL = YES;
				CLANG_ANALYZER_NUMBER_OBJECT_CONVERSION = YES_AGGRESSIVE;
				CLANG_CXX_LANGUAGE_STANDARD = "gnu++14";
				CLANG_CXX_LIBRARY = "libc++";
				CLANG_ENABLE_MODULES = YES;
				CLANG_ENABLE_OBJC_ARC = YES;
				CLANG_ENABLE_OBJC_WEAK = YES;
				CLANG_WARN_BLOCK_CAPTURE_AUTORELEASING = YES;
				CLANG_WARN_BOOL_CONVERSION = YES;
				CLANG_WARN_COMMA = YES;
				CLANG_WARN_CONSTANT_CONVERSION = YES;
				CLANG_WARN_DEPRECATED_OBJC_IMPLEMENTATIONS = YES;
				CLANG_WARN_DIRECT_OBJC_ISA_USAGE = YES_ERROR;
				CLANG_WARN_DOCUMENTATION_COMMENTS = YES;
				CLANG_WARN_EMPTY_BODY = YES;
				CLANG_WARN_ENUM_CONVERSION = YES;
				CLANG_WARN_INFINITE_RECURSION = YES;
				CLANG_WARN_INT_CONVERSION = YES;
				CLANG_WARN_NON_LITERAL_NULL_CONVERSION = YES;
				CLANG_WARN_OBJC_IMPLICIT_RETAIN_SELF = YES;
				CLANG_WARN_OBJC_LITERAL_CONVERSION = YES;
				CLANG_WARN_OBJC_ROOT_CLASS = YES_ERROR;
				CLANG_WARN_RANGE_LOOP_ANALYSIS = YES;
				CLANG_WARN_STRICT_PROTOTYPES = YES;
				CLANG_WARN_SUSPICIOUS_MOVE = YES;
				CLANG_WARN_UNGUARDED_AVAILABILITY = YES_AGGRESSIVE;
				CLANG_WARN_UNREACHABLE_CODE = YES;
				CLANG_WARN__DUPLICATE_METHOD_MATCH = YES;
				COPY_PHASE_STRIP = NO;
				DEBUG_INFORMATION_FORMAT = dwarf;
				ENABLE_STRICT_OBJC_MSGSEND = YES;
				ENABLE_TESTABILITY = YES;
				GCC_C_LANGUAGE_STANDARD = gnu11;
				GCC_DYNAMIC_NO_PIC = NO;
				GCC_NO_COMMON_BLOCKS = YES;
				GCC_OPTIMIZATION_LEVEL = 0;
				GCC_PREPROCESSOR_DEFINITIONS = (
					"DEBUG=1",
					"$(inherited)",
				);
				GCC_WARN_64_TO_32_BIT_CONVERSION = YES;
				GCC_WARN_ABOUT_RETURN_TYPE = YES_ERROR;
				GCC_WARN_UNDECLARED_SELECTOR = YES;
				GCC_WARN_UNINITIALIZED_AUTOS = YES_AGGRESSIVE;
				GCC_WARN_UNUSED_FUNCTION = YES;
				GCC_WARN_UNUSED_VARIABLE = YES;
				IPHONEOS_DEPLOYMENT_TARGET = 13.4;
				MTL_ENABLE_DEBUG_INFO = INCLUDE_SOURCE;
				MTL_FAST_MATH = YES;
				ONLY_ACTIVE_ARCH = YES;
				SDKROOT = iphoneos;
				SWIFT_ACTIVE_COMPILATION_CONDITIONS = DEBUG;
				SWIFT_OPTIMIZATION_LEVEL = "-Onone";
			};
			name = Debug;
		};
		DD56BE0E243377D7001FA46C /* Release */ = {
			isa = XCBuildConfiguration;
			buildSettings = {
				ALWAYS_SEARCH_USER_PATHS = NO;
				CLANG_ANALYZER_NONNULL = YES;
				CLANG_ANALYZER_NUMBER_OBJECT_CONVERSION = YES_AGGRESSIVE;
				CLANG_CXX_LANGUAGE_STANDARD = "gnu++14";
				CLANG_CXX_LIBRARY = "libc++";
				CLANG_ENABLE_MODULES = YES;
				CLANG_ENABLE_OBJC_ARC = YES;
				CLANG_ENABLE_OBJC_WEAK = YES;
				CLANG_WARN_BLOCK_CAPTURE_AUTORELEASING = YES;
				CLANG_WARN_BOOL_CONVERSION = YES;
				CLANG_WARN_COMMA = YES;
				CLANG_WARN_CONSTANT_CONVERSION = YES;
				CLANG_WARN_DEPRECATED_OBJC_IMPLEMENTATIONS = YES;
				CLANG_WARN_DIRECT_OBJC_ISA_USAGE = YES_ERROR;
				CLANG_WARN_DOCUMENTATION_COMMENTS = YES;
				CLANG_WARN_EMPTY_BODY = YES;
				CLANG_WARN_ENUM_CONVERSION = YES;
				CLANG_WARN_INFINITE_RECURSION = YES;
				CLANG_WARN_INT_CONVERSION = YES;
				CLANG_WARN_NON_LITERAL_NULL_CONVERSION = YES;
				CLANG_WARN_OBJC_IMPLICIT_RETAIN_SELF = YES;
				CLANG_WARN_OBJC_LITERAL_CONVERSION = YES;
				CLANG_WARN_OBJC_ROOT_CLASS = YES_ERROR;
				CLANG_WARN_RANGE_LOOP_ANALYSIS = YES;
				CLANG_WARN_STRICT_PROTOTYPES = YES;
				CLANG_WARN_SUSPICIOUS_MOVE = YES;
				CLANG_WARN_UNGUARDED_AVAILABILITY = YES_AGGRESSIVE;
				CLANG_WARN_UNREACHABLE_CODE = YES;
				CLANG_WARN__DUPLICATE_METHOD_MATCH = YES;
				COPY_PHASE_STRIP = NO;
				DEBUG_INFORMATION_FORMAT = "dwarf-with-dsym";
				ENABLE_NS_ASSERTIONS = NO;
				ENABLE_STRICT_OBJC_MSGSEND = YES;
				GCC_C_LANGUAGE_STANDARD = gnu11;
				GCC_NO_COMMON_BLOCKS = YES;
				GCC_WARN_64_TO_32_BIT_CONVERSION = YES;
				GCC_WARN_ABOUT_RETURN_TYPE = YES_ERROR;
				GCC_WARN_UNDECLARED_SELECTOR = YES;
				GCC_WARN_UNINITIALIZED_AUTOS = YES_AGGRESSIVE;
				GCC_WARN_UNUSED_FUNCTION = YES;
				GCC_WARN_UNUSED_VARIABLE = YES;
				IPHONEOS_DEPLOYMENT_TARGET = 13.4;
				MTL_ENABLE_DEBUG_INFO = NO;
				MTL_FAST_MATH = YES;
				SDKROOT = iphoneos;
				SWIFT_COMPILATION_MODE = wholemodule;
				SWIFT_OPTIMIZATION_LEVEL = "-O";
				VALIDATE_PRODUCT = YES;
			};
			name = Release;
		};
		DD56BE10243377D7001FA46C /* Debug */ = {
			isa = XCBuildConfiguration;
			buildSettings = {
				ASSETCATALOG_COMPILER_APPICON_NAME = AppIcon;
				CODE_SIGN_STYLE = Automatic;
				INFOPLIST_FILE = NetworkingDemo/Info.plist;
				LD_RUNPATH_SEARCH_PATHS = (
					"$(inherited)",
					"@executable_path/Frameworks",
				);
				PRODUCT_BUNDLE_IDENTIFIER = ishtiak.ahmed.NetworkingDemo;
				PRODUCT_NAME = "$(TARGET_NAME)";
				SWIFT_VERSION = 5.0;
				TARGETED_DEVICE_FAMILY = "1,2";
			};
			name = Debug;
		};
		DD56BE11243377D7001FA46C /* Release */ = {
			isa = XCBuildConfiguration;
			buildSettings = {
				ASSETCATALOG_COMPILER_APPICON_NAME = AppIcon;
				CODE_SIGN_STYLE = Automatic;
				INFOPLIST_FILE = NetworkingDemo/Info.plist;
				LD_RUNPATH_SEARCH_PATHS = (
					"$(inherited)",
					"@executable_path/Frameworks",
				);
				PRODUCT_BUNDLE_IDENTIFIER = ishtiak.ahmed.NetworkingDemo;
				PRODUCT_NAME = "$(TARGET_NAME)";
				SWIFT_VERSION = 5.0;
				TARGETED_DEVICE_FAMILY = "1,2";
			};
			name = Release;
		};
		DD56BE13243377D7001FA46C /* Debug */ = {
			isa = XCBuildConfiguration;
			buildSettings = {
				ALWAYS_EMBED_SWIFT_STANDARD_LIBRARIES = YES;
				BUNDLE_LOADER = "$(TEST_HOST)";
				CODE_SIGN_STYLE = Automatic;
				INFOPLIST_FILE = NetworkingDemoTests/Info.plist;
				IPHONEOS_DEPLOYMENT_TARGET = 13.4;
				LD_RUNPATH_SEARCH_PATHS = (
					"$(inherited)",
					"@executable_path/Frameworks",
					"@loader_path/Frameworks",
				);
				PRODUCT_BUNDLE_IDENTIFIER = ishtiak.ahmed.NetworkingDemoTests;
				PRODUCT_NAME = "$(TARGET_NAME)";
				SWIFT_VERSION = 5.0;
				TARGETED_DEVICE_FAMILY = "1,2";
				TEST_HOST = "$(BUILT_PRODUCTS_DIR)/NetworkingDemo.app/NetworkingDemo";
			};
			name = Debug;
		};
		DD56BE14243377D7001FA46C /* Release */ = {
			isa = XCBuildConfiguration;
			buildSettings = {
				ALWAYS_EMBED_SWIFT_STANDARD_LIBRARIES = YES;
				BUNDLE_LOADER = "$(TEST_HOST)";
				CODE_SIGN_STYLE = Automatic;
				INFOPLIST_FILE = NetworkingDemoTests/Info.plist;
				IPHONEOS_DEPLOYMENT_TARGET = 13.4;
				LD_RUNPATH_SEARCH_PATHS = (
					"$(inherited)",
					"@executable_path/Frameworks",
					"@loader_path/Frameworks",
				);
				PRODUCT_BUNDLE_IDENTIFIER = ishtiak.ahmed.NetworkingDemoTests;
				PRODUCT_NAME = "$(TARGET_NAME)";
				SWIFT_VERSION = 5.0;
				TARGETED_DEVICE_FAMILY = "1,2";
				TEST_HOST = "$(BUILT_PRODUCTS_DIR)/NetworkingDemo.app/NetworkingDemo";
			};
			name = Release;
		};
/* End XCBuildConfiguration section */

/* Begin XCConfigurationList section */
		DD56BDEB243377D5001FA46C /* Build configuration list for PBXProject "NetworkingDemo" */ = {
			isa = XCConfigurationList;
			buildConfigurations = (
				DD56BE0D243377D7001FA46C /* Debug */,
				DD56BE0E243377D7001FA46C /* Release */,
			);
			defaultConfigurationIsVisible = 0;
			defaultConfigurationName = Release;
		};
		DD56BE0F243377D7001FA46C /* Build configuration list for PBXNativeTarget "NetworkingDemo" */ = {
			isa = XCConfigurationList;
			buildConfigurations = (
				DD56BE10243377D7001FA46C /* Debug */,
				DD56BE11243377D7001FA46C /* Release */,
			);
			defaultConfigurationIsVisible = 0;
			defaultConfigurationName = Release;
		};
		DD56BE12243377D7001FA46C /* Build configuration list for PBXNativeTarget "NetworkingDemoTests" */ = {
			isa = XCConfigurationList;
			buildConfigurations = (
				DD56BE13243377D7001FA46C /* Debug */,
				DD56BE14243377D7001FA46C /* Release */,
			);
			defaultConfigurationIsVisible = 0;
			defaultConfigurationName = Release;
		};
/* End XCConfigurationList section */
	};
	rootObject = DD56BDE8243377D5001FA46C /* Project object */;
}
